
Microsoft Visual Studio Solution File, Format Version 11.00
# Visual Studio 2010
Project("{FAE04EC0-301F-11D3-BF4B-00C04F79EFBC}") = "PlayFab", "PlayFab.csproj", "{7e08ebe4-4b17-f879-89d2-2200bed8b89a}"
EndProject
Project("{FAE04EC0-301F-11D3-BF4B-00C04F79EFBC}") = "CustomUI", "CustomUI.csproj", "{c8c0d7dd-f73e-8663-3c5f-9cae1d32067a}"
EndProject
Project("{FAE04EC0-301F-11D3-BF4B-00C04F79EFBC}") = "Networking", "Networking.csproj", "{ab5c9cda-e4a3-b4a3-8e9a-6186f8a93043}"
EndProject
Project("{FAE04EC0-301F-11D3-BF4B-00C04F79EFBC}") = "Local", "Local.csproj", "{fa579679-2b8b-c218-c538-2be13cc4fd5b}"
EndProject
Project("{FAE04EC0-301F-11D3-BF4B-00C04F79EFBC}") = "Assembly-CSharp", "Assembly-CSharp.csproj", "{c55ae4c7-4de6-1f26-df12-5bf4a531e67f}"
EndProject
Project("{FAE04EC0-301F-11D3-BF4B-00C04F79EFBC}") = "Matchmaking", "Matchmaking.csproj", "{9295261e-aea4-db3b-8de8-749ad1a52022}"
EndProject
Project("{FAE04EC0-301F-11D3-BF4B-00C04F79EFBC}") = "ParrelSync", "ParrelSync.csproj", "{a81a2fcb-43f8-7a6b-63c7-c7169ec48b2f}"
EndProject
Project("{FAE04EC0-301F-11D3-BF4B-00C04F79EFBC}") = "PlayFabEditorExtensions", "PlayFabEditorExtensions.csproj", "{8c18c779-2a88-e256-4e4b-66381157aef1}"
EndProject
Project("{FAE04EC0-301F-11D3-BF4B-00C04F79EFBC}") = "PlayFabSDKEditor", "PlayFabSDKEditor.csproj", "{0bff929e-dc09-82c2-0eca-806ecb26db16}"
EndProject
Global
	GlobalSection(SolutionConfigurationPlatforms) = preSolution
		Debug|Any CPU = Debug|Any CPU
	EndGlobalSection
	GlobalSection(ProjectConfigurationPlatforms) = postSolution
		{7e08ebe4-4b17-f879-89d2-2200bed8b89a}.Debug|Any CPU.ActiveCfg = Debug|Any CPU
		{7e08ebe4-4b17-f879-89d2-2200bed8b89a}.Debug|Any CPU.Build.0 = Debug|Any CPU
		{c8c0d7dd-f73e-8663-3c5f-9cae1d32067a}.Debug|Any CPU.ActiveCfg = Debug|Any CPU
		{c8c0d7dd-f73e-8663-3c5f-9cae1d32067a}.Debug|Any CPU.Build.0 = Debug|Any CPU
		{ab5c9cda-e4a3-b4a3-8e9a-6186f8a93043}.Debug|Any CPU.ActiveCfg = Debug|Any CPU
		{ab5c9cda-e4a3-b4a3-8e9a-6186f8a93043}.Debug|Any CPU.Build.0 = Debug|Any CPU
		{fa579679-2b8b-c218-c538-2be13cc4fd5b}.Debug|Any CPU.ActiveCfg = Debug|Any CPU
		{fa579679-2b8b-c218-c538-2be13cc4fd5b}.Debug|Any CPU.Build.0 = Debug|Any CPU
		{c55ae4c7-4de6-1f26-df12-5bf4a531e67f}.Debug|Any CPU.ActiveCfg = Debug|Any CPU
		{c55ae4c7-4de6-1f26-df12-5bf4a531e67f}.Debug|Any CPU.Build.0 = Debug|Any CPU
		{9295261e-aea4-db3b-8de8-749ad1a52022}.Debug|Any CPU.ActiveCfg = Debug|Any CPU
		{9295261e-aea4-db3b-8de8-749ad1a52022}.Debug|Any CPU.Build.0 = Debug|Any CPU
		{a81a2fcb-43f8-7a6b-63c7-c7169ec48b2f}.Debug|Any CPU.ActiveCfg = Debug|Any CPU
		{a81a2fcb-43f8-7a6b-63c7-c7169ec48b2f}.Debug|Any CPU.Build.0 = Debug|Any CPU
		{8c18c779-2a88-e256-4e4b-66381157aef1}.Debug|Any CPU.ActiveCfg = Debug|Any CPU
		{8c18c779-2a88-e256-4e4b-66381157aef1}.Debug|Any CPU.Build.0 = Debug|Any CPU
		{0bff929e-dc09-82c2-0eca-806ecb26db16}.Debug|Any CPU.ActiveCfg = Debug|Any CPU
		{0bff929e-dc09-82c2-0eca-806ecb26db16}.Debug|Any CPU.Build.0 = Debug|Any CPU
	EndGlobalSection
	GlobalSection(SolutionProperties) = preSolution
		HideSolutionNode = FALSE
	EndGlobalSection
EndGlobal
